
Microsoft Visual Studio Solution File, Format Version 12.00
# Visual Studio Version 17
VisualStudioVersion = 17.2.32630.192
MinimumVisualStudioVersion = 10.0.40219.1
Project("{FAE04EC0-301F-11D3-BF4B-00C04F79EFBC}") = "SpecFlow_GithubActions", "SpecFlow_GithubActions.csproj", "{1514D5D6-D103-453F-85FA-EF0E7435DFBB}"
EndProject
Global
	GlobalSection(SolutionConfigurationPlatforms) = preSolution
		Debug|Any CPU = Debug|Any CPU
		Release|Any CPU = Release|Any CPU
	EndGlobalSection
	GlobalSection(ProjectConfigurationPlatforms) = postSolution
		{1514D5D6-D103-453F-85FA-EF0E7435DFBB}.Debug|Any CPU.ActiveCfg = Debug|Any CPU
		{1514D5D6-D103-453F-85FA-EF0E7435DFBB}.Debug|Any CPU.Build.0 = Debug|Any CPU
		{1514D5D6-D103-453F-85FA-EF0E7435DFBB}.Release|Any CPU.ActiveCfg = Release|Any CPU
		{1514D5D6-D103-453F-85FA-EF0E7435DFBB}.Release|Any CPU.Build.0 = Release|Any CPU
	EndGlobalSection
	GlobalSection(SolutionProperties) = preSolution
		HideSolutionNode = FALSE
	EndGlobalSection
	GlobalSection(ExtensibilityGlobals) = postSolution
		SolutionGuid = {A54A0BB5-3AE3-42CF-81CC-6ABFB3E7FB9B}
	EndGlobalSection
EndGlobal
